{
  "nodes": {
    "blender": {
      "inputs": {
        "nixpkgs": [
          "system-config",
          "nixpkgs"
        ]
      },
      "locked": {
        "dir": "blender",
        "lastModified": 1652618113,
        "narHash": "sha256-H6BarEZhvxCgklOy1AnLbC6NhLcedZglNiZVExbAfxo=",
        "owner": "schuelermine",
        "repo": "nix-warez",
        "rev": "ff68a714aa798c016049e3a780b8d6510b02b188",
        "type": "github"
      },
      "original": {
        "dir": "blender",
        "owner": "schuelermine",
        "ref": "blender-improved",
        "repo": "nix-warez",
        "type": "github"
      }
    },
    "flake-compat": {
      "flake": false,
      "locked": {
        "lastModified": 1650374568,
        "narHash": "sha256-Z+s0J8/r907g149rllvwhb4pKi8Wam5ij0st8PwAh+E=",
        "owner": "edolstra",
        "repo": "flake-compat",
        "rev": "b4a34015c698c7793d592d66adbab377907a2be8",
        "type": "github"
      },
      "original": {
        "owner": "edolstra",
        "repo": "flake-compat",
        "type": "github"
      }
    },
    "flake-utils": {
      "locked": {
        "lastModified": 1642700792,
        "narHash": "sha256-XqHrk7hFb+zBvRg6Ghl+AZDq03ov6OshJLiSWOoX5es=",
        "owner": "numtide",
        "repo": "flake-utils",
        "rev": "846b2ae0fc4cc943637d3d1def4454213e203cba",
        "type": "github"
      },
      "original": {
        "owner": "numtide",
        "repo": "flake-utils",
        "type": "github"
      }
    },
    "home-manager": {
      "inputs": {
        "flake-compat": "flake-compat",
        "nixpkgs": [
          "system-config",
          "nixpkgs"
        ],
        "nmd": "nmd",
        "nmt": "nmt",
        "utils": "utils"
      },
      "locked": {
        "lastModified": 1654628474,
        "narHash": "sha256-Llm9X8Af15uC9IMStxqjCfO15WgYTqTnsQq8wMcpp5Q=",
        "owner": "nix-community",
        "repo": "home-manager",
        "rev": "70824bb5c790b820b189f62f643f795b1d2ade2e",
        "type": "github"
      },
      "original": {
        "owner": "nix-community",
        "repo": "home-manager",
        "type": "github"
      }
    },
    "nix-lib": {
      "locked": {
        "lastModified": 1654628154,
        "narHash": "sha256-H7vRy3EWz1OjFA3z5LY5NfVPsORerL9cw9hbi0Cceec=",
        "owner": "schuelermine",
        "repo": "nix-lib",
        "rev": "cf4a365d2cb7aa79db386e98496a320e235c3b43",
        "type": "github"
      },
      "original": {
        "owner": "schuelermine",
        "ref": "b0",
        "repo": "nix-lib",
        "type": "github"
      }
    },
    "nix-lib_2": {
      "locked": {
        "lastModified": 1654628154,
        "narHash": "sha256-H7vRy3EWz1OjFA3z5LY5NfVPsORerL9cw9hbi0Cceec=",
        "owner": "schuelermine",
        "repo": "nix-lib",
        "rev": "cf4a365d2cb7aa79db386e98496a320e235c3b43",
        "type": "github"
      },
      "original": {
        "owner": "schuelermine",
        "ref": "b0",
        "repo": "nix-lib",
        "type": "github"
      }
    },
    "nixos-repl-setup": {
      "flake": false,
      "locked": {
        "lastModified": 1647542729,
        "narHash": "sha256-yMeYygnz02gtdcipfxpSvig12SIJibrwh0dTOZVXmP4=",
        "owner": "schuelermine",
        "repo": "nixos-repl-setup",
        "rev": "ccebaaaf4858b7b1c005d2ec17806163b3a8d901",
        "type": "github"
      },
      "original": {
        "owner": "schuelermine",
        "repo": "nixos-repl-setup",
        "type": "github"
      }
    },
    "nixpkgs": {
      "locked": {
        "lastModified": 1654682581,
        "narHash": "sha256-Jb1PQCwKgwdNAp907eR5zPzuxV+kRroA3UIxUxCMJ9s=",
        "owner": "NixOS",
        "repo": "nixpkgs",
        "rev": "e0169d7a9d324afebf5679551407756c77af8930",
        "type": "github"
      },
      "original": {
        "owner": "NixOS",
        "ref": "nixos-unstable",
        "repo": "nixpkgs",
        "type": "github"
      }
    },
    "nixpkgs_2": {
      "locked": {
        "lastModified": 1643169865,
        "narHash": "sha256-+KIpNRazbc8Gac9jdWCKQkFv9bjceaLaLhlwqUEYu8c=",
        "owner": "NixOS",
        "repo": "nixpkgs",
        "rev": "945ec499041db73043f745fad3b2a3a01e826081",
        "type": "github"
      },
      "original": {
        "owner": "NixOS",
        "ref": "945ec49",
        "repo": "nixpkgs",
        "type": "github"
      }
    },
    "nmd": {
      "flake": false,
      "locked": {
        "lastModified": 1653339422,
        "narHash": "sha256-8nc7lcYOgih3YEmRMlBwZaLLJYpLPYKBlewqHqx8ieg=",
        "owner": "rycee",
        "repo": "nmd",
        "rev": "9e7a20e6ee3f6751f699f79c0b299390f81f7bcd",
        "type": "gitlab"
      },
      "original": {
        "owner": "rycee",
        "repo": "nmd",
        "type": "gitlab"
      }
    },
    "nmt": {
      "flake": false,
      "locked": {
        "lastModified": 1648075362,
        "narHash": "sha256-u36WgzoA84dMVsGXzml4wZ5ckGgfnvS0ryzo/3zn/Pc=",
        "owner": "rycee",
        "repo": "nmt",
        "rev": "d83601002c99b78c89ea80e5e6ba21addcfe12ae",
        "type": "gitlab"
      },
      "original": {
        "owner": "rycee",
        "repo": "nmt",
        "type": "gitlab"
      }
    },
    "root": {
      "inputs": {
        "blender": "blender",
        "home-manager": "home-manager",
        "nix-lib": "nix-lib",
        "nixos-repl-setup": "nixos-repl-setup",
        "nixpkgs": [
          "system-config",
          "nixpkgs"
        ],
        "system-config": "system-config",
        "tetris": "tetris"
      }
    },
    "system-config": {
      "inputs": {
        "nix-lib": "nix-lib_2",
        "nixpkgs": "nixpkgs"
      },
      "locked": {
        "lastModified": 1654773903,
        "narHash": "sha256-uY3J/p8jz7TePQiAjQkv6zO7ZqH5i2+Du5d7bD5g4q8=",
        "ref": "b0",
        "rev": "ee4e103d0d7ad3a23b871c9143807b185c910e2a",
        "revCount": 160,
        "type": "git",
        "url": "file:///etc/nixos"
      },
      "original": {
        "ref": "b0",
        "type": "git",
        "url": "file:///etc/nixos"
      }
    },
    "tetris": {
      "inputs": {
        "flake-utils": "flake-utils",
        "nixpkgs": "nixpkgs_2"
      },
      "locked": {
        "lastModified": 1652962342,
        "narHash": "sha256-oRRjlUsIBXU+SVIpz7rVgZpr0X+7k/gTNIOqVrQu3lE=",
        "owner": "schuelermine",
        "repo": "tetris",
        "rev": "c1866ad2314be33186ef7bf688fd4c7945388413",
        "type": "github"
      },
      "original": {
        "owner": "schuelermine",
        "ref": "add-nix-build",
        "repo": "tetris",
        "type": "github"
      }
    },
    "utils": {
      "locked": {
        "lastModified": 1653893745,
        "narHash": "sha256-0jntwV3Z8//YwuOjzhV2sgJJPt+HY6KhU7VZUL0fKZQ=",
        "owner": "numtide",
        "repo": "flake-utils",
        "rev": "1ed9fb1935d260de5fe1c2f7ee0ebaae17ed2fa1",
        "type": "github"
      },
      "original": {
        "owner": "numtide",
        "repo": "flake-utils",
        "type": "github"
      }
    }
  },
  "root": "root",
  "version": 7
}
