{
  "nodes": {
    "fenix": {
      "inputs": {
        "nixpkgs": [
          "nixpkgs"
        ],
        "rust-analyzer-src": "rust-analyzer-src"
      },
      "locked": {
        "lastModified": 1679293469,
        "narHash": "sha256-h9XKC9QnuK09nK8aQB4OpXiqbZEzp75ZyQ2qsS1n7vk=",
        "owner": "nix-community",
        "repo": "fenix",
        "rev": "742691f1a9544179638527effcaa2c7fb4cf9b84",
        "type": "github"
      },
      "original": {
        "owner": "nix-community",
        "repo": "fenix",
        "type": "github"
      }
    },
    "home-manager": {
      "inputs": {
        "nixpkgs": [
          "system-config",
          "nixpkgs"
        ],
        "utils": "utils"
      },
      "locked": {
        "lastModified": 1679265143,
        "narHash": "sha256-5RDMW+O4owjdPz7t4K4YxH2fOHCNOcyVmSiKRUikiv0=",
        "owner": "nix-community",
        "repo": "home-manager",
        "rev": "1b8bf5c3270386a1b6850bd77d79dbdbaf0d7a7c",
        "type": "github"
      },
      "original": {
        "owner": "nix-community",
        "repo": "home-manager",
        "type": "github"
      }
    },
    "nixos-repl-setup": {
      "flake": false,
      "locked": {
        "lastModified": 1647542729,
        "narHash": "sha256-yMeYygnz02gtdcipfxpSvig12SIJibrwh0dTOZVXmP4=",
        "owner": "schuelermine",
        "repo": "nixos-repl-setup",
        "rev": "ccebaaaf4858b7b1c005d2ec17806163b3a8d901",
        "type": "github"
      },
      "original": {
        "owner": "schuelermine",
        "repo": "nixos-repl-setup",
        "type": "github"
      }
    },
    "nixpkgs": {
      "locked": {
        "lastModified": 1679172431,
        "narHash": "sha256-XEh5gIt5otaUbEAPUY5DILUTyWe1goAyeqQtmwaFPyI=",
        "owner": "NixOS",
        "repo": "nixpkgs",
        "rev": "1603d11595a232205f03d46e635d919d1e1ec5b9",
        "type": "github"
      },
      "original": {
        "owner": "NixOS",
        "ref": "nixos-unstable",
        "repo": "nixpkgs",
        "type": "github"
      }
    },
    "root": {
      "inputs": {
        "fenix": "fenix",
        "home-manager": "home-manager",
        "nixos-repl-setup": "nixos-repl-setup",
        "nixpkgs": [
          "system-config",
          "nixpkgs"
        ],
        "system-config": "system-config",
        "xhmm": "xhmm"
      }
    },
    "rust-analyzer-src": {
      "flake": false,
      "locked": {
        "lastModified": 1679213469,
        "narHash": "sha256-TnMPQPXDXLGLJu5PvEMglPidrtxH89P9dj/YmWc5JiQ=",
        "owner": "rust-lang",
        "repo": "rust-analyzer",
        "rev": "825833c26938d25a95f4c77f0e7011cffc34e15c",
        "type": "github"
      },
      "original": {
        "owner": "rust-lang",
        "ref": "nightly",
        "repo": "rust-analyzer",
        "type": "github"
      }
    },
    "system-config": {
      "inputs": {
        "nixpkgs": "nixpkgs"
      },
      "locked": {
        "lastModified": 1679312014,
        "narHash": "sha256-qqHTvvJcIoKDDXAh7Uv4mxY6UGiynHlpzZUC7FQTh1I=",
        "owner": "schuelermine",
        "repo": "nixos-configuration",
        "rev": "02ef27f78311e0d3c70435a8ac83bfbf5f030244",
        "type": "github"
      },
      "original": {
        "owner": "schuelermine",
        "repo": "nixos-configuration",
        "type": "github"
      }
    },
    "utils": {
      "locked": {
        "lastModified": 1676283394,
        "narHash": "sha256-XX2f9c3iySLCw54rJ/CZs+ZK6IQy7GXNY4nSOyu2QG4=",
        "owner": "numtide",
        "repo": "flake-utils",
        "rev": "3db36a8b464d0c4532ba1c7dda728f4576d6d073",
        "type": "github"
      },
      "original": {
        "owner": "numtide",
        "repo": "flake-utils",
        "type": "github"
      }
    },
    "xhmm": {
      "locked": {
        "lastModified": 1678999705,
        "narHash": "sha256-wdS58h653GGWx/oK038/ptYek4mK1gb0ZC7HtaqF8gk=",
        "owner": "schuelermine",
        "repo": "xhmm",
        "rev": "1608fa757cbd8fb4f11435a50610e44de3fc2223",
        "type": "github"
      },
      "original": {
        "owner": "schuelermine",
        "ref": "b0",
        "repo": "xhmm",
        "type": "github"
      }
    }
  },
  "root": "root",
  "version": 7
}
